
Microsoft Visual Studio Solution File, Format Version 12.00
Project("{FAE04EC0-301F-11D3-BF4B-00C04F79EFBC}") = "Main", "Main\Main.csproj", "{4625153B-5669-438F-B3F7-D07135A645CA}"
EndProject
Project("{FAE04EC0-301F-11D3-BF4B-00C04F79EFBC}") = "Tests", "Tests\Tests.csproj", "{8C811752-FCB3-48F2-94FA-FB4467ED9EBA}"
EndProject
Global
	GlobalSection(SolutionConfigurationPlatforms) = preSolution
		Debug|Any CPU = Debug|Any CPU
		Release|Any CPU = Release|Any CPU
	EndGlobalSection
	GlobalSection(ProjectConfigurationPlatforms) = postSolution
		{4625153B-5669-438F-B3F7-D07135A645CA}.Debug|Any CPU.ActiveCfg = Debug|Any CPU
		{4625153B-5669-438F-B3F7-D07135A645CA}.Debug|Any CPU.Build.0 = Debug|Any CPU
		{4625153B-5669-438F-B3F7-D07135A645CA}.Release|Any CPU.ActiveCfg = Release|Any CPU
		{4625153B-5669-438F-B3F7-D07135A645CA}.Release|Any CPU.Build.0 = Release|Any CPU
		{8C811752-FCB3-48F2-94FA-FB4467ED9EBA}.Debug|Any CPU.ActiveCfg = Debug|Any CPU
		{8C811752-FCB3-48F2-94FA-FB4467ED9EBA}.Debug|Any CPU.Build.0 = Debug|Any CPU
		{8C811752-FCB3-48F2-94FA-FB4467ED9EBA}.Release|Any CPU.ActiveCfg = Release|Any CPU
		{8C811752-FCB3-48F2-94FA-FB4467ED9EBA}.Release|Any CPU.Build.0 = Release|Any CPU
	EndGlobalSection
EndGlobal
